
Microsoft Visual Studio Solution File, Format Version 12.00
# Visual Studio Version 16
VisualStudioVersion = 16.0.29009.5
MinimumVisualStudioVersion = 10.0.40219.1
Project("{9A19103F-16F7-4668-BE54-9A1E7A4F7556}") = "Dota2Api", "Dota2Api\Dota2Api.csproj", "{28B291EC-3EEA-4AFB-A48A-449C6DDE8E41}"
EndProject
Project("{FAE04EC0-301F-11D3-BF4B-00C04F79EFBC}") = "Dota2Api.Test", "Dota2Api.Test\Dota2Api.Test.csproj", "{53B46C87-9BA1-4EE2-8891-73CCEFD739AE}"
EndProject
Global
	GlobalSection(SolutionConfigurationPlatforms) = preSolution
		Debug|Any CPU = Debug|Any CPU
		Release|Any CPU = Release|Any CPU
	EndGlobalSection
	GlobalSection(ProjectConfigurationPlatforms) = postSolution
		{28B291EC-3EEA-4AFB-A48A-449C6DDE8E41}.Debug|Any CPU.ActiveCfg = Debug|Any CPU
		{28B291EC-3EEA-4AFB-A48A-449C6DDE8E41}.Debug|Any CPU.Build.0 = Debug|Any CPU
		{28B291EC-3EEA-4AFB-A48A-449C6DDE8E41}.Release|Any CPU.ActiveCfg = Release|Any CPU
		{28B291EC-3EEA-4AFB-A48A-449C6DDE8E41}.Release|Any CPU.Build.0 = Release|Any CPU
		{53B46C87-9BA1-4EE2-8891-73CCEFD739AE}.Debug|Any CPU.ActiveCfg = Debug|Any CPU
		{53B46C87-9BA1-4EE2-8891-73CCEFD739AE}.Debug|Any CPU.Build.0 = Debug|Any CPU
		{53B46C87-9BA1-4EE2-8891-73CCEFD739AE}.Release|Any CPU.ActiveCfg = Release|Any CPU
		{53B46C87-9BA1-4EE2-8891-73CCEFD739AE}.Release|Any CPU.Build.0 = Release|Any CPU
	EndGlobalSection
	GlobalSection(SolutionProperties) = preSolution
		HideSolutionNode = FALSE
	EndGlobalSection
	GlobalSection(ExtensibilityGlobals) = postSolution
		SolutionGuid = {88319470-4C1B-4439-88F6-5B4B37E79A72}
	EndGlobalSection
EndGlobal
